
Microsoft Visual Studio Solution File, Format Version 12.00
# Visual Studio Version 17
VisualStudioVersion = 17.4.33213.308
MinimumVisualStudioVersion = 10.0.40219.1
Project("{9A19103F-16F7-4668-BE54-9A1E7A4F7556}") = "Person.API", "Person.API\Person.API.csproj", "{9C473CB9-3E59-4C96-B004-BAA4F6327037}"
EndProject
Project("{9A19103F-16F7-4668-BE54-9A1E7A4F7556}") = "Team.API", "Team.API\Team.API.csproj", "{76C43525-471B-4863-8D04-DB95807376C5}"
EndProject
Project("{2150E333-8FDC-42A3-9474-1A3956D46DE8}") = "src", "src", "{80D5A9BB-2B5D-49C1-BC95-9B07DF2E9B65}"
EndProject
Project("{FAE04EC0-301F-11D3-BF4B-00C04F79EFBC}") = "Identity.API", "Identity.API\Identity.API.csproj", "{3E25406B-100F-4E4A-A465-EFCB68DE18A4}"
EndProject
Project("{2150E333-8FDC-42A3-9474-1A3956D46DE8}") = "tests", "tests", "{3DD50310-E348-4F7F-9DB1-94198B0FBB0E}"
EndProject
Project("{FAE04EC0-301F-11D3-BF4B-00C04F79EFBC}") = "Person.UnitTests", "Person.Tests\Person.UnitTests.csproj", "{1BD796FF-8DB9-4E81-850E-FFC6EE18A5A6}"
EndProject
Project("{2150E333-8FDC-42A3-9474-1A3956D46DE8}") = "Services", "Services", "{D714EBFD-C115-4E1D-AF7D-58D1B6E1B315}"
EndProject
Project("{2150E333-8FDC-42A3-9474-1A3956D46DE8}") = "Person", "Person", "{19DB045F-4A79-48D2-BC24-2BB938F18927}"
EndProject
Project("{2150E333-8FDC-42A3-9474-1A3956D46DE8}") = "Identity", "Identity", "{47C1CD0B-5BE0-410F-A020-2A134EFF207F}"
EndProject
Project("{2150E333-8FDC-42A3-9474-1A3956D46DE8}") = "Team", "Team", "{058E8CCF-35AD-416A-AFB3-7CB3A8251A07}"
EndProject
Project("{2150E333-8FDC-42A3-9474-1A3956D46DE8}") = "Tests", "Tests", "{966279D2-731C-4E94-8EE5-82CCDE55E54B}"
EndProject
Project("{FAE04EC0-301F-11D3-BF4B-00C04F79EFBC}") = "Person.Application", "Person.Application\Person.Application.csproj", "{D6636E3B-A16B-40EE-A0D0-11F97ABF8035}"
EndProject
Project("{FAE04EC0-301F-11D3-BF4B-00C04F79EFBC}") = "Person.Domain", "Person.Domain\Person.Domain.csproj", "{741F74DF-5A30-4C5B-8DE9-65D72564859A}"
EndProject
Project("{FAE04EC0-301F-11D3-BF4B-00C04F79EFBC}") = "Person.Infrastructure", "Person.Infrastructure\Person.Infrastructure.csproj", "{76CF629E-8396-4E48-AFF2-12A7FE53EC2F}"
EndProject
Global
	GlobalSection(SolutionConfigurationPlatforms) = preSolution
		Debug|Any CPU = Debug|Any CPU
		Release|Any CPU = Release|Any CPU
	EndGlobalSection
	GlobalSection(ProjectConfigurationPlatforms) = postSolution
		{9C473CB9-3E59-4C96-B004-BAA4F6327037}.Debug|Any CPU.ActiveCfg = Debug|Any CPU
		{9C473CB9-3E59-4C96-B004-BAA4F6327037}.Debug|Any CPU.Build.0 = Debug|Any CPU
		{9C473CB9-3E59-4C96-B004-BAA4F6327037}.Release|Any CPU.ActiveCfg = Release|Any CPU
		{9C473CB9-3E59-4C96-B004-BAA4F6327037}.Release|Any CPU.Build.0 = Release|Any CPU
		{76C43525-471B-4863-8D04-DB95807376C5}.Debug|Any CPU.ActiveCfg = Debug|Any CPU
		{76C43525-471B-4863-8D04-DB95807376C5}.Debug|Any CPU.Build.0 = Debug|Any CPU
		{76C43525-471B-4863-8D04-DB95807376C5}.Release|Any CPU.ActiveCfg = Release|Any CPU
		{76C43525-471B-4863-8D04-DB95807376C5}.Release|Any CPU.Build.0 = Release|Any CPU
		{3E25406B-100F-4E4A-A465-EFCB68DE18A4}.Debug|Any CPU.ActiveCfg = Debug|Any CPU
		{3E25406B-100F-4E4A-A465-EFCB68DE18A4}.Debug|Any CPU.Build.0 = Debug|Any CPU
		{3E25406B-100F-4E4A-A465-EFCB68DE18A4}.Release|Any CPU.ActiveCfg = Release|Any CPU
		{3E25406B-100F-4E4A-A465-EFCB68DE18A4}.Release|Any CPU.Build.0 = Release|Any CPU
		{1BD796FF-8DB9-4E81-850E-FFC6EE18A5A6}.Debug|Any CPU.ActiveCfg = Debug|Any CPU
		{1BD796FF-8DB9-4E81-850E-FFC6EE18A5A6}.Debug|Any CPU.Build.0 = Debug|Any CPU
		{1BD796FF-8DB9-4E81-850E-FFC6EE18A5A6}.Release|Any CPU.ActiveCfg = Release|Any CPU
		{1BD796FF-8DB9-4E81-850E-FFC6EE18A5A6}.Release|Any CPU.Build.0 = Release|Any CPU
		{D6636E3B-A16B-40EE-A0D0-11F97ABF8035}.Debug|Any CPU.ActiveCfg = Debug|Any CPU
		{D6636E3B-A16B-40EE-A0D0-11F97ABF8035}.Debug|Any CPU.Build.0 = Debug|Any CPU
		{D6636E3B-A16B-40EE-A0D0-11F97ABF8035}.Release|Any CPU.ActiveCfg = Release|Any CPU
		{D6636E3B-A16B-40EE-A0D0-11F97ABF8035}.Release|Any CPU.Build.0 = Release|Any CPU
		{741F74DF-5A30-4C5B-8DE9-65D72564859A}.Debug|Any CPU.ActiveCfg = Debug|Any CPU
		{741F74DF-5A30-4C5B-8DE9-65D72564859A}.Debug|Any CPU.Build.0 = Debug|Any CPU
		{741F74DF-5A30-4C5B-8DE9-65D72564859A}.Release|Any CPU.ActiveCfg = Release|Any CPU
		{741F74DF-5A30-4C5B-8DE9-65D72564859A}.Release|Any CPU.Build.0 = Release|Any CPU
		{76CF629E-8396-4E48-AFF2-12A7FE53EC2F}.Debug|Any CPU.ActiveCfg = Debug|Any CPU
		{76CF629E-8396-4E48-AFF2-12A7FE53EC2F}.Debug|Any CPU.Build.0 = Debug|Any CPU
		{76CF629E-8396-4E48-AFF2-12A7FE53EC2F}.Release|Any CPU.ActiveCfg = Release|Any CPU
		{76CF629E-8396-4E48-AFF2-12A7FE53EC2F}.Release|Any CPU.Build.0 = Release|Any CPU
	EndGlobalSection
	GlobalSection(SolutionProperties) = preSolution
		HideSolutionNode = FALSE
	EndGlobalSection
	GlobalSection(NestedProjects) = preSolution
		{9C473CB9-3E59-4C96-B004-BAA4F6327037} = {19DB045F-4A79-48D2-BC24-2BB938F18927}
		{76C43525-471B-4863-8D04-DB95807376C5} = {058E8CCF-35AD-416A-AFB3-7CB3A8251A07}
		{3E25406B-100F-4E4A-A465-EFCB68DE18A4} = {47C1CD0B-5BE0-410F-A020-2A134EFF207F}
		{1BD796FF-8DB9-4E81-850E-FFC6EE18A5A6} = {966279D2-731C-4E94-8EE5-82CCDE55E54B}
		{D714EBFD-C115-4E1D-AF7D-58D1B6E1B315} = {80D5A9BB-2B5D-49C1-BC95-9B07DF2E9B65}
		{19DB045F-4A79-48D2-BC24-2BB938F18927} = {D714EBFD-C115-4E1D-AF7D-58D1B6E1B315}
		{47C1CD0B-5BE0-410F-A020-2A134EFF207F} = {D714EBFD-C115-4E1D-AF7D-58D1B6E1B315}
		{058E8CCF-35AD-416A-AFB3-7CB3A8251A07} = {D714EBFD-C115-4E1D-AF7D-58D1B6E1B315}
		{966279D2-731C-4E94-8EE5-82CCDE55E54B} = {19DB045F-4A79-48D2-BC24-2BB938F18927}
		{D6636E3B-A16B-40EE-A0D0-11F97ABF8035} = {19DB045F-4A79-48D2-BC24-2BB938F18927}
		{741F74DF-5A30-4C5B-8DE9-65D72564859A} = {19DB045F-4A79-48D2-BC24-2BB938F18927}
		{76CF629E-8396-4E48-AFF2-12A7FE53EC2F} = {19DB045F-4A79-48D2-BC24-2BB938F18927}
	EndGlobalSection
	GlobalSection(ExtensibilityGlobals) = postSolution
		SolutionGuid = {15578130-9F72-4AE0-B9C8-D0D5D798166B}
	EndGlobalSection
EndGlobal
